
Microsoft Visual Studio Solution File, Format Version 12.00
# Visual Studio Version 16
VisualStudioVersion = 16.0.30717.126
MinimumVisualStudioVersion = 10.0.40219.1
Project("{9A19103F-16F7-4668-BE54-9A1E7A4F7556}") = "TSP-MMAS", "ACO-TSP\TSP-MMAS.csproj", "{3A229948-7EA8-494C-9EFD-9B9A04B61126}"
EndProject
Global
	GlobalSection(SolutionConfigurationPlatforms) = preSolution
		Debug|Any CPU = Debug|Any CPU
		Release|Any CPU = Release|Any CPU
	EndGlobalSection
	GlobalSection(ProjectConfigurationPlatforms) = postSolution
		{3A229948-7EA8-494C-9EFD-9B9A04B61126}.Debug|Any CPU.ActiveCfg = Debug|Any CPU
		{3A229948-7EA8-494C-9EFD-9B9A04B61126}.Debug|Any CPU.Build.0 = Debug|Any CPU
		{3A229948-7EA8-494C-9EFD-9B9A04B61126}.Release|Any CPU.ActiveCfg = Release|Any CPU
		{3A229948-7EA8-494C-9EFD-9B9A04B61126}.Release|Any CPU.Build.0 = Release|Any CPU
	EndGlobalSection
	GlobalSection(SolutionProperties) = preSolution
		HideSolutionNode = FALSE
	EndGlobalSection
	GlobalSection(ExtensibilityGlobals) = postSolution
		SolutionGuid = {FD5DD7A0-64E1-4D06-9251-BA9D0E6C2B0F}
	EndGlobalSection
EndGlobal
